
Microsoft Visual Studio Solution File, Format Version 12.00
# Visual Studio 15
VisualStudioVersion = 15.0.28010.2041
MinimumVisualStudioVersion = 10.0.40219.1
Project("{FAE04EC0-301F-11D3-BF4B-00C04F79EFBC}") = "Snake", "Snake\Snake.csproj", "{EB46D61C-2DFD-432C-9696-8801788C06CA}"
EndProject
Global
	GlobalSection(SolutionConfigurationPlatforms) = preSolution
		Debug|Any CPU = Debug|Any CPU
		Release|Any CPU = Release|Any CPU
	EndGlobalSection
	GlobalSection(ProjectConfigurationPlatforms) = postSolution
		{EB46D61C-2DFD-432C-9696-8801788C06CA}.Debug|Any CPU.ActiveCfg = Debug|Any CPU
		{EB46D61C-2DFD-432C-9696-8801788C06CA}.Debug|Any CPU.Build.0 = Debug|Any CPU
		{EB46D61C-2DFD-432C-9696-8801788C06CA}.Release|Any CPU.ActiveCfg = Release|Any CPU
		{EB46D61C-2DFD-432C-9696-8801788C06CA}.Release|Any CPU.Build.0 = Release|Any CPU
	EndGlobalSection
	GlobalSection(SolutionProperties) = preSolution
		HideSolutionNode = FALSE
	EndGlobalSection
	GlobalSection(ExtensibilityGlobals) = postSolution
		SolutionGuid = {E772812E-DDAF-4086-90E4-0808DC62E341}
	EndGlobalSection
EndGlobal
